
Microsoft Visual Studio Solution File, Format Version 12.00
# Visual Studio Version 16
VisualStudioVersion = 16.0.31624.102
MinimumVisualStudioVersion = 10.0.40219.1
Project("{9A19103F-16F7-4668-BE54-9A1E7A4F7556}") = "NT_ApartmenstsEFCore", "NT_ApartmenstsEFCore\NT_ApartmenstsEFCore.csproj", "{795604A1-AA84-456E-94E5-A99C485ED152}"
EndProject
Global
	GlobalSection(SolutionConfigurationPlatforms) = preSolution
		Debug|Any CPU = Debug|Any CPU
		Release|Any CPU = Release|Any CPU
	EndGlobalSection
	GlobalSection(ProjectConfigurationPlatforms) = postSolution
		{795604A1-AA84-456E-94E5-A99C485ED152}.Debug|Any CPU.ActiveCfg = Debug|Any CPU
		{795604A1-AA84-456E-94E5-A99C485ED152}.Debug|Any CPU.Build.0 = Debug|Any CPU
		{795604A1-AA84-456E-94E5-A99C485ED152}.Release|Any CPU.ActiveCfg = Release|Any CPU
		{795604A1-AA84-456E-94E5-A99C485ED152}.Release|Any CPU.Build.0 = Release|Any CPU
	EndGlobalSection
	GlobalSection(SolutionProperties) = preSolution
		HideSolutionNode = FALSE
	EndGlobalSection
	GlobalSection(ExtensibilityGlobals) = postSolution
		SolutionGuid = {732D6975-B8A3-44A2-830E-62ECA0C53471}
	EndGlobalSection
EndGlobal
